
Microsoft Visual Studio Solution File, Format Version 12.00
# Visual Studio Version 16
VisualStudioVersion = 16.0.29215.179
MinimumVisualStudioVersion = 10.0.40219.1
Project("{FAE04EC0-301F-11D3-BF4B-00C04F79EFBC}") = "MyMeteo.Service", "MyMeteo.Service\MyMeteo.Service.csproj", "{6CE0FBBB-4C69-4698-9226-2ED86025D76C}"
EndProject
Global
	GlobalSection(SolutionConfigurationPlatforms) = preSolution
		Debug|Any CPU = Debug|Any CPU
		Release|Any CPU = Release|Any CPU
	EndGlobalSection
	GlobalSection(ProjectConfigurationPlatforms) = postSolution
		{6CE0FBBB-4C69-4698-9226-2ED86025D76C}.Debug|Any CPU.ActiveCfg = Debug|Any CPU
		{6CE0FBBB-4C69-4698-9226-2ED86025D76C}.Debug|Any CPU.Build.0 = Debug|Any CPU
		{6CE0FBBB-4C69-4698-9226-2ED86025D76C}.Release|Any CPU.ActiveCfg = Release|Any CPU
		{6CE0FBBB-4C69-4698-9226-2ED86025D76C}.Release|Any CPU.Build.0 = Release|Any CPU
	EndGlobalSection
	GlobalSection(SolutionProperties) = preSolution
		HideSolutionNode = FALSE
	EndGlobalSection
	GlobalSection(ExtensibilityGlobals) = postSolution
		SolutionGuid = {DA8236C7-8954-4BBF-BD51-69AF8AF66A78}
	EndGlobalSection
EndGlobal
