
Microsoft Visual Studio Solution File, Format Version 12.00
# Visual Studio Version 17
VisualStudioVersion = 17.0.31912.275
MinimumVisualStudioVersion = 10.0.40219.1
Project("{FAE04EC0-301F-11D3-BF4B-00C04F79EFBC}") = "AzureDemo", "AzureDemo\AzureDemo.csproj", "{3855AA3B-0956-480D-9377-4B43E177CEED}"
EndProject
Global
	GlobalSection(SolutionConfigurationPlatforms) = preSolution
		Debug|Any CPU = Debug|Any CPU
		Release|Any CPU = Release|Any CPU
	EndGlobalSection
	GlobalSection(ProjectConfigurationPlatforms) = postSolution
		{3855AA3B-0956-480D-9377-4B43E177CEED}.Debug|Any CPU.ActiveCfg = Debug|Any CPU
		{3855AA3B-0956-480D-9377-4B43E177CEED}.Debug|Any CPU.Build.0 = Debug|Any CPU
		{3855AA3B-0956-480D-9377-4B43E177CEED}.Release|Any CPU.ActiveCfg = Release|Any CPU
		{3855AA3B-0956-480D-9377-4B43E177CEED}.Release|Any CPU.Build.0 = Release|Any CPU
	EndGlobalSection
	GlobalSection(SolutionProperties) = preSolution
		HideSolutionNode = FALSE
	EndGlobalSection
	GlobalSection(ExtensibilityGlobals) = postSolution
		SolutionGuid = {83D0AD44-5C1E-453E-AE45-F57DDAAD1781}
	EndGlobalSection
EndGlobal
